// !$*UTF8*$!
{
	archiveVersion = 1;
	classes = {
	};
	objectVersion = 46;
	objects = {

/* Begin PBXBuildFile section */
		5562EF137535959CAFCA60F4 /* Pods_flixUITests.framework in Frameworks */ = {isa = PBXBuildFile; fileRef = 35465F50F59CD7B8BE8406EC /* Pods_flixUITests.framework */; };
		6B9E4D09C151346AA51D1D7F /* Pods_flix.framework in Frameworks */ = {isa = PBXBuildFile; fileRef = E50E839E3FB53EB046FF589A /* Pods_flix.framework */; };
		E24D46D78318ACFD7E04D264 /* Pods_flixTests.framework in Frameworks */ = {isa = PBXBuildFile; fileRef = A976584C551F090D4AE7AE58 /* Pods_flixTests.framework */; };
		EF0DF3A51EFD7C3E00A3C351 /* DetailViewController.swift in Sources */ = {isa = PBXBuildFile; fileRef = EF0DF3A41EFD7C3E00A3C351 /* DetailViewController.swift */; };
		EF0DF3A71EFDE35100A3C351 /* PosterCell.swift in Sources */ = {isa = PBXBuildFile; fileRef = EF0DF3A61EFDE35100A3C351 /* PosterCell.swift */; };
		EF0DF3A91EFDE3B500A3C351 /* SuperHeroViewController.swift in Sources */ = {isa = PBXBuildFile; fileRef = EF0DF3A81EFDE3B500A3C351 /* SuperHeroViewController.swift */; };
		EF64EC081EFB2A1A0072C66A /* AppDelegate.swift in Sources */ = {isa = PBXBuildFile; fileRef = EF64EC071EFB2A1A0072C66A /* AppDelegate.swift */; };
		EF64EC0D1EFB2A1A0072C66A /* Main.storyboard in Resources */ = {isa = PBXBuildFile; fileRef = EF64EC0B1EFB2A1A0072C66A /* Main.storyboard */; };
		EF64EC0F1EFB2A1A0072C66A /* Assets.xcassets in Resources */ = {isa = PBXBuildFile; fileRef = EF64EC0E1EFB2A1A0072C66A /* Assets.xcassets */; };
		EF64EC121EFB2A1A0072C66A /* LaunchScreen.storyboard in Resources */ = {isa = PBXBuildFile; fileRef = EF64EC101EFB2A1A0072C66A /* LaunchScreen.storyboard */; };
		EF64EC1D1EFB2A1A0072C66A /* flixTests.swift in Sources */ = {isa = PBXBuildFile; fileRef = EF64EC1C1EFB2A1A0072C66A /* flixTests.swift */; };
		EF64EC281EFB2A1A0072C66A /* flixUITests.swift in Sources */ = {isa = PBXBuildFile; fileRef = EF64EC271EFB2A1A0072C66A /* flixUITests.swift */; };
		EF64EC5E1EFB38180072C66A /* NowPlayingViewController.swift in Sources */ = {isa = PBXBuildFile; fileRef = EF64EC5D1EFB38180072C66A /* NowPlayingViewController.swift */; };
		EF64EC601EFB4DD10072C66A /* MovieCell.swift in Sources */ = {isa = PBXBuildFile; fileRef = EF64EC5F1EFB4DD10072C66A /* MovieCell.swift */; };
/* End PBXBuildFile section */

/* Begin PBXContainerItemProxy section */
		EF64EC191EFB2A1A0072C66A /* PBXContainerItemProxy */ = {
			isa = PBXContainerItemProxy;
			containerPortal = EF64EBFC1EFB2A1A0072C66A /* Project object */;
			proxyType = 1;
			remoteGlobalIDString = EF64EC031EFB2A1A0072C66A;
			remoteInfo = flix;
		};
		EF64EC241EFB2A1A0072C66A /* PBXContainerItemProxy */ = {
			isa = PBXContainerItemProxy;
			containerPortal = EF64EBFC1EFB2A1A0072C66A /* Project object */;
			proxyType = 1;
			remoteGlobalIDString = EF64EC031EFB2A1A0072C66A;
			remoteInfo = flix;
		};
/* End PBXContainerItemProxy section */

/* Begin PBXFileReference section */
		170CDA68335D3AA6BABFBD77 /* Pods-flixUITests.debug.xcconfig */ = {isa = PBXFileReference; includeInIndex = 1; lastKnownFileType = text.xcconfig; name = "Pods-flixUITests.debug.xcconfig"; path = "Pods/Target Support Files/Pods-flixUITests/Pods-flixUITests.debug.xcconfig"; sourceTree = "<group>"; };
		35465F50F59CD7B8BE8406EC /* Pods_flixUITests.framework */ = {isa = PBXFileReference; explicitFileType = wrapper.framework; includeInIndex = 0; path = Pods_flixUITests.framework; sourceTree = BUILT_PRODUCTS_DIR; };
		4BC6731237061ADEB413ACDF /* Pods-flix.release.xcconfig */ = {isa = PBXFileReference; includeInIndex = 1; lastKnownFileType = text.xcconfig; name = "Pods-flix.release.xcconfig"; path = "Pods/Target Support Files/Pods-flix/Pods-flix.release.xcconfig"; sourceTree = "<group>"; };
		A976584C551F090D4AE7AE58 /* Pods_flixTests.framework */ = {isa = PBXFileReference; explicitFileType = wrapper.framework; includeInIndex = 0; path = Pods_flixTests.framework; sourceTree = BUILT_PRODUCTS_DIR; };
		B18EB863BF7F1206716E98FC /* Pods-flixTests.debug.xcconfig */ = {isa = PBXFileReference; includeInIndex = 1; lastKnownFileType = text.xcconfig; name = "Pods-flixTests.debug.xcconfig"; path = "Pods/Target Support Files/Pods-flixTests/Pods-flixTests.debug.xcconfig"; sourceTree = "<group>"; };
		BF65C9D159BD652F66E2CC3D /* Pods-flixTests.release.xcconfig */ = {isa = PBXFileReference; includeInIndex = 1; lastKnownFileType = text.xcconfig; name = "Pods-flixTests.release.xcconfig"; path = "Pods/Target Support Files/Pods-flixTests/Pods-flixTests.release.xcconfig"; sourceTree = "<group>"; };
		CA977A2B70F7D3C4A8E0ECFC /* Pods-flix.debug.xcconfig */ = {isa = PBXFileReference; includeInIndex = 1; lastKnownFileType = text.xcconfig; name = "Pods-flix.debug.xcconfig"; path = "Pods/Target Support Files/Pods-flix/Pods-flix.debug.xcconfig"; sourceTree = "<group>"; };
		DF79DECC01B5E0CF33602EFA /* Pods-flixUITests.release.xcconfig */ = {isa = PBXFileReference; includeInIndex = 1; lastKnownFileType = text.xcconfig; name = "Pods-flixUITests.release.xcconfig"; path = "Pods/Target Support Files/Pods-flixUITests/Pods-flixUITests.release.xcconfig"; sourceTree = "<group>"; };
		E50E839E3FB53EB046FF589A /* Pods_flix.framework */ = {isa = PBXFileReference; explicitFileType = wrapper.framework; includeInIndex = 0; path = Pods_flix.framework; sourceTree = BUILT_PRODUCTS_DIR; };
		EF0DF3A41EFD7C3E00A3C351 /* DetailViewController.swift */ = {isa = PBXFileReference; fileEncoding = 4; lastKnownFileType = sourcecode.swift; path = DetailViewController.swift; sourceTree = "<group>"; };
		EF0DF3A61EFDE35100A3C351 /* PosterCell.swift */ = {isa = PBXFileReference; fileEncoding = 4; lastKnownFileType = sourcecode.swift; path = PosterCell.swift; sourceTree = "<group>"; };
		EF0DF3A81EFDE3B500A3C351 /* SuperHeroViewController.swift */ = {isa = PBXFileReference; fileEncoding = 4; lastKnownFileType = sourcecode.swift; path = SuperHeroViewController.swift; sourceTree = "<group>"; };
		EF64EC041EFB2A1A0072C66A /* flix.app */ = {isa = PBXFileReference; explicitFileType = wrapper.application; includeInIndex = 0; path = flix.app; sourceTree = BUILT_PRODUCTS_DIR; };
		EF64EC071EFB2A1A0072C66A /* AppDelegate.swift */ = {isa = PBXFileReference; lastKnownFileType = sourcecode.swift; path = AppDelegate.swift; sourceTree = "<group>"; };
		EF64EC0C1EFB2A1A0072C66A /* Base */ = {isa = PBXFileReference; lastKnownFileType = file.storyboard; name = Base; path = Base.lproj/Main.storyboard; sourceTree = "<group>"; };
		EF64EC0E1EFB2A1A0072C66A /* Assets.xcassets */ = {isa = PBXFileReference; lastKnownFileType = folder.assetcatalog; path = Assets.xcassets; sourceTree = "<group>"; };
		EF64EC111EFB2A1A0072C66A /* Base */ = {isa = PBXFileReference; lastKnownFileType = file.storyboard; name = Base; path = Base.lproj/LaunchScreen.storyboard; sourceTree = "<group>"; };
		EF64EC131EFB2A1A0072C66A /* Info.plist */ = {isa = PBXFileReference; lastKnownFileType = text.plist.xml; path = Info.plist; sourceTree = "<group>"; };
		EF64EC181EFB2A1A0072C66A /* flixTests.xctest */ = {isa = PBXFileReference; explicitFileType = wrapper.cfbundle; includeInIndex = 0; path = flixTests.xctest; sourceTree = BUILT_PRODUCTS_DIR; };
		EF64EC1C1EFB2A1A0072C66A /* flixTests.swift */ = {isa = PBXFileReference; lastKnownFileType = sourcecode.swift; path = flixTests.swift; sourceTree = "<group>"; };
		EF64EC1E1EFB2A1A0072C66A /* Info.plist */ = {isa = PBXFileReference; lastKnownFileType = text.plist.xml; path = Info.plist; sourceTree = "<group>"; };
		EF64EC231EFB2A1A0072C66A /* flixUITests.xctest */ = {isa = PBXFileReference; explicitFileType = wrapper.cfbundle; includeInIndex = 0; path = flixUITests.xctest; sourceTree = BUILT_PRODUCTS_DIR; };
		EF64EC271EFB2A1A0072C66A /* flixUITests.swift */ = {isa = PBXFileReference; lastKnownFileType = sourcecode.swift; path = flixUITests.swift; sourceTree = "<group>"; };
		EF64EC291EFB2A1A0072C66A /* Info.plist */ = {isa = PBXFileReference; lastKnownFileType = text.plist.xml; path = Info.plist; sourceTree = "<group>"; };
		EF64EC5D1EFB38180072C66A /* NowPlayingViewController.swift */ = {isa = PBXFileReference; fileEncoding = 4; lastKnownFileType = sourcecode.swift; path = NowPlayingViewController.swift; sourceTree = "<group>"; };
		EF64EC5F1EFB4DD10072C66A /* MovieCell.swift */ = {isa = PBXFileReference; fileEncoding = 4; lastKnownFileType = sourcecode.swift; path = MovieCell.swift; sourceTree = "<group>"; };
/* End PBXFileReference section */

/* Begin PBXFrameworksBuildPhase section */
		EF64EC011EFB2A1A0072C66A /* Frameworks */ = {
			isa = PBXFrameworksBuildPhase;
			buildActionMask = 2147483647;
			files = (
				6B9E4D09C151346AA51D1D7F /* Pods_flix.framework in Frameworks */,
			);
			runOnlyForDeploymentPostprocessing = 0;
		};
		EF64EC151EFB2A1A0072C66A /* Frameworks */ = {
			isa = PBXFrameworksBuildPhase;
			buildActionMask = 2147483647;
			files = (
				E24D46D78318ACFD7E04D264 /* Pods_flixTests.framework in Frameworks */,
			);
			runOnlyForDeploymentPostprocessing = 0;
		};
		EF64EC201EFB2A1A0072C66A /* Frameworks */ = {
			isa = PBXFrameworksBuildPhase;
			buildActionMask = 2147483647;
			files = (
				5562EF137535959CAFCA60F4 /* Pods_flixUITests.framework in Frameworks */,
			);
			runOnlyForDeploymentPostprocessing = 0;
		};
/* End PBXFrameworksBuildPhase section */

/* Begin PBXGroup section */
		AA0595821C0DD2A4BF92E61B /* Frameworks */ = {
			isa = PBXGroup;
			children = (
				E50E839E3FB53EB046FF589A /* Pods_flix.framework */,
				A976584C551F090D4AE7AE58 /* Pods_flixTests.framework */,
				35465F50F59CD7B8BE8406EC /* Pods_flixUITests.framework */,
			);
			name = Frameworks;
			sourceTree = "<group>";
		};
		E08ACA392C1DE697A9FE982A /* Pods */ = {
			isa = PBXGroup;
			children = (
				CA977A2B70F7D3C4A8E0ECFC /* Pods-flix.debug.xcconfig */,
				4BC6731237061ADEB413ACDF /* Pods-flix.release.xcconfig */,
				B18EB863BF7F1206716E98FC /* Pods-flixTests.debug.xcconfig */,
				BF65C9D159BD652F66E2CC3D /* Pods-flixTests.release.xcconfig */,
				170CDA68335D3AA6BABFBD77 /* Pods-flixUITests.debug.xcconfig */,
				DF79DECC01B5E0CF33602EFA /* Pods-flixUITests.release.xcconfig */,
			);
			name = Pods;
			sourceTree = "<group>";
		};
		EF0DF3A21EFD7BF100A3C351 /* ViewControllers */ = {
			isa = PBXGroup;
			children = (
				EF64EC5D1EFB38180072C66A /* NowPlayingViewController.swift */,
				EF0DF3A41EFD7C3E00A3C351 /* DetailViewController.swift */,
				EF0DF3A81EFDE3B500A3C351 /* SuperHeroViewController.swift */,
			);
			name = ViewControllers;
			sourceTree = "<group>";
		};
		EF0DF3A31EFD7BFE00A3C351 /* Views */ = {
			isa = PBXGroup;
			children = (
				EF64EC5F1EFB4DD10072C66A /* MovieCell.swift */,
				EF0DF3A61EFDE35100A3C351 /* PosterCell.swift */,
			);
			name = Views;
			sourceTree = "<group>";
		};
		EF64EBFB1EFB2A1A0072C66A = {
			isa = PBXGroup;
			children = (
				EF64EC061EFB2A1A0072C66A /* flix */,
				EF64EC1B1EFB2A1A0072C66A /* flixTests */,
				EF64EC261EFB2A1A0072C66A /* flixUITests */,
				EF64EC051EFB2A1A0072C66A /* Products */,
				E08ACA392C1DE697A9FE982A /* Pods */,
				AA0595821C0DD2A4BF92E61B /* Frameworks */,
			);
			sourceTree = "<group>";
		};
		EF64EC051EFB2A1A0072C66A /* Products */ = {
			isa = PBXGroup;
			children = (
				EF64EC041EFB2A1A0072C66A /* flix.app */,
				EF64EC181EFB2A1A0072C66A /* flixTests.xctest */,
				EF64EC231EFB2A1A0072C66A /* flixUITests.xctest */,
			);
			name = Products;
			sourceTree = "<group>";
		};
		EF64EC061EFB2A1A0072C66A /* flix */ = {
			isa = PBXGroup;
			children = (
				EF0DF3A31EFD7BFE00A3C351 /* Views */,
				EF0DF3A21EFD7BF100A3C351 /* ViewControllers */,
				EF64EC071EFB2A1A0072C66A /* AppDelegate.swift */,
				EF64EC0B1EFB2A1A0072C66A /* Main.storyboard */,
				EF64EC0E1EFB2A1A0072C66A /* Assets.xcassets */,
				EF64EC101EFB2A1A0072C66A /* LaunchScreen.storyboard */,
				EF64EC131EFB2A1A0072C66A /* Info.plist */,
			);
			path = flix;
			sourceTree = "<group>";
		};
		EF64EC1B1EFB2A1A0072C66A /* flixTests */ = {
			isa = PBXGroup;
			children = (
				EF64EC1C1EFB2A1A0072C66A /* flixTests.swift */,
				EF64EC1E1EFB2A1A0072C66A /* Info.plist */,
			);
			path = flixTests;
			sourceTree = "<group>";
		};
		EF64EC261EFB2A1A0072C66A /* flixUITests */ = {
			isa = PBXGroup;
			children = (
				EF64EC271EFB2A1A0072C66A /* flixUITests.swift */,
				EF64EC291EFB2A1A0072C66A /* Info.plist */,
			);
			path = flixUITests;
			sourceTree = "<group>";
		};
/* End PBXGroup section */

/* Begin PBXNativeTarget section */
		EF64EC031EFB2A1A0072C66A /* flix */ = {
			isa = PBXNativeTarget;
			buildConfigurationList = EF64EC2C1EFB2A1A0072C66A /* Build configuration list for PBXNativeTarget "flix" */;
			buildPhases = (
				39F88DDB0B7A078D5E077D78 /* [CP] Check Pods Manifest.lock */,
				EF64EC001EFB2A1A0072C66A /* Sources */,
				EF64EC011EFB2A1A0072C66A /* Frameworks */,
				EF64EC021EFB2A1A0072C66A /* Resources */,
				F04D8FD5816F99EDD0BCC8E0 /* [CP] Embed Pods Frameworks */,
				40216D39F441AF5B480D8D99 /* [CP] Copy Pods Resources */,
			);
			buildRules = (
			);
			dependencies = (
			);
			name = flix;
			productName = flix;
			productReference = EF64EC041EFB2A1A0072C66A /* flix.app */;
			productType = "com.apple.product-type.application";
		};
		EF64EC171EFB2A1A0072C66A /* flixTests */ = {
			isa = PBXNativeTarget;
			buildConfigurationList = EF64EC2F1EFB2A1A0072C66A /* Build configuration list for PBXNativeTarget "flixTests" */;
			buildPhases = (
				A48897E35D145BA006CC11F4 /* [CP] Check Pods Manifest.lock */,
				EF64EC141EFB2A1A0072C66A /* Sources */,
				EF64EC151EFB2A1A0072C66A /* Frameworks */,
				EF64EC161EFB2A1A0072C66A /* Resources */,
				142DDDF9D80D4915318CE248 /* [CP] Embed Pods Frameworks */,
				4FDD80730A1C305E1B8D804E /* [CP] Copy Pods Resources */,
			);
			buildRules = (
			);
			dependencies = (
				EF64EC1A1EFB2A1A0072C66A /* PBXTargetDependency */,
			);
			name = flixTests;
			productName = flixTests;
			productReference = EF64EC181EFB2A1A0072C66A /* flixTests.xctest */;
			productType = "com.apple.product-type.bundle.unit-test";
		};
		EF64EC221EFB2A1A0072C66A /* flixUITests */ = {
			isa = PBXNativeTarget;
			buildConfigurationList = EF64EC321EFB2A1A0072C66A /* Build configuration list for PBXNativeTarget "flixUITests" */;
			buildPhases = (
				A61FAB8C85B44BD610B47957 /* [CP] Check Pods Manifest.lock */,
				EF64EC1F1EFB2A1A0072C66A /* Sources */,
				EF64EC201EFB2A1A0072C66A /* Frameworks */,
				EF64EC211EFB2A1A0072C66A /* Resources */,
				8ABF08FC455616A929E528A4 /* [CP] Embed Pods Frameworks */,
				674F6B3609799C0B21349BCD /* [CP] Copy Pods Resources */,
			);
			buildRules = (
			);
			dependencies = (
				EF64EC251EFB2A1A0072C66A /* PBXTargetDependency */,
			);
			name = flixUITests;
			productName = flixUITests;
			productReference = EF64EC231EFB2A1A0072C66A /* flixUITests.xctest */;
			productType = "com.apple.product-type.bundle.ui-testing";
		};
/* End PBXNativeTarget section */

/* Begin PBXProject section */
		EF64EBFC1EFB2A1A0072C66A /* Project object */ = {
			isa = PBXProject;
			attributes = {
				LastSwiftUpdateCheck = 0830;
				LastUpgradeCheck = 0830;
				ORGANIZATIONNAME = "Rey Oliva";
				TargetAttributes = {
					EF64EC031EFB2A1A0072C66A = {
						CreatedOnToolsVersion = 8.3.2;
						ProvisioningStyle = Automatic;
					};
					EF64EC171EFB2A1A0072C66A = {
						CreatedOnToolsVersion = 8.3.2;
						ProvisioningStyle = Automatic;
						TestTargetID = EF64EC031EFB2A1A0072C66A;
					};
					EF64EC221EFB2A1A0072C66A = {
						CreatedOnToolsVersion = 8.3.2;
						ProvisioningStyle = Automatic;
						TestTargetID = EF64EC031EFB2A1A0072C66A;
					};
				};
			};
			buildConfigurationList = EF64EBFF1EFB2A1A0072C66A /* Build configuration list for PBXProject "flix" */;
			compatibilityVersion = "Xcode 3.2";
			developmentRegion = English;
			hasScannedForEncodings = 0;
			knownRegions = (
				en,
				Base,
			);
			mainGroup = EF64EBFB1EFB2A1A0072C66A;
			productRefGroup = EF64EC051EFB2A1A0072C66A /* Products */;
			projectDirPath = "";
			projectRoot = "";
			targets = (
				EF64EC031EFB2A1A0072C66A /* flix */,
				EF64EC171EFB2A1A0072C66A /* flixTests */,
				EF64EC221EFB2A1A0072C66A /* flixUITests */,
			);
		};
/* End PBXProject section */

/* Begin PBXResourcesBuildPhase section */
		EF64EC021EFB2A1A0072C66A /* Resources */ = {
			isa = PBXResourcesBuildPhase;
			buildActionMask = 2147483647;
			files = (
				EF64EC121EFB2A1A0072C66A /* LaunchScreen.storyboard in Resources */,
				EF64EC0F1EFB2A1A0072C66A /* Assets.xcassets in Resources */,
				EF64EC0D1EFB2A1A0072C66A /* Main.storyboard in Resources */,
			);
			runOnlyForDeploymentPostprocessing = 0;
		};
		EF64EC161EFB2A1A0072C66A /* Resources */ = {
			isa = PBXResourcesBuildPhase;
			buildActionMask = 2147483647;
			files = (
			);
			runOnlyForDeploymentPostprocessing = 0;
		};
		EF64EC211EFB2A1A0072C66A /* Resources */ = {
			isa = PBXResourcesBuildPhase;
			buildActionMask = 2147483647;
			files = (
			);
			runOnlyForDeploymentPostprocessing = 0;
		};
/* End PBXResourcesBuildPhase section */

/* Begin PBXShellScriptBuildPhase section */
		142DDDF9D80D4915318CE248 /* [CP] Embed Pods Frameworks */ = {
			isa = PBXShellScriptBuildPhase;
			buildActionMask = 2147483647;
			files = (
			);
			inputPaths = (
			);
			name = "[CP] Embed Pods Frameworks";
			outputPaths = (
			);
			runOnlyForDeploymentPostprocessing = 0;
			shellPath = /bin/sh;
			shellScript = "\"${SRCROOT}/Pods/Target Support Files/Pods-flixTests/Pods-flixTests-frameworks.sh\"\n";
			showEnvVarsInLog = 0;
		};
		39F88DDB0B7A078D5E077D78 /* [CP] Check Pods Manifest.lock */ = {
			isa = PBXShellScriptBuildPhase;
			buildActionMask = 2147483647;
			files = (
			);
			inputPaths = (
			);
			name = "[CP] Check Pods Manifest.lock";
			outputPaths = (
			);
			runOnlyForDeploymentPostprocessing = 0;
			shellPath = /bin/sh;
			shellScript = "diff \"${PODS_PODFILE_DIR_PATH}/Podfile.lock\" \"${PODS_ROOT}/Manifest.lock\" > /dev/null\nif [ $? != 0 ] ; then\n    # print error to STDERR\n    echo \"error: The sandbox is not in sync with the Podfile.lock. Run 'pod install' or update your CocoaPods installation.\" >&2\n    exit 1\nfi\n";
			showEnvVarsInLog = 0;
		};
		40216D39F441AF5B480D8D99 /* [CP] Copy Pods Resources */ = {
			isa = PBXShellScriptBuildPhase;
			buildActionMask = 2147483647;
			files = (
			);
			inputPaths = (
			);
			name = "[CP] Copy Pods Resources";
			outputPaths = (
			);
			runOnlyForDeploymentPostprocessing = 0;
			shellPath = /bin/sh;
			shellScript = "\"${SRCROOT}/Pods/Target Support Files/Pods-flix/Pods-flix-resources.sh\"\n";
			showEnvVarsInLog = 0;
		};
		4FDD80730A1C305E1B8D804E /* [CP] Copy Pods Resources */ = {
			isa = PBXShellScriptBuildPhase;
			buildActionMask = 2147483647;
			files = (
			);
			inputPaths = (
			);
			name = "[CP] Copy Pods Resources";
			outputPaths = (
			);
			runOnlyForDeploymentPostprocessing = 0;
			shellPath = /bin/sh;
			shellScript = "\"${SRCROOT}/Pods/Target Support Files/Pods-flixTests/Pods-flixTests-resources.sh\"\n";
			showEnvVarsInLog = 0;
		};
		674F6B3609799C0B21349BCD /* [CP] Copy Pods Resources */ = {
			isa = PBXShellScriptBuildPhase;
			buildActionMask = 2147483647;
			files = (
			);
			inputPaths = (
			);
			name = "[CP] Copy Pods Resources";
			outputPaths = (
			);
			runOnlyForDeploymentPostprocessing = 0;
			shellPath = /bin/sh;
			shellScript = "\"${SRCROOT}/Pods/Target Support Files/Pods-flixUITests/Pods-flixUITests-resources.sh\"\n";
			showEnvVarsInLog = 0;
		};
		8ABF08FC455616A929E528A4 /* [CP] Embed Pods Frameworks */ = {
			isa = PBXShellScriptBuildPhase;
			buildActionMask = 2147483647;
			files = (
			);
			inputPaths = (
			);
			name = "[CP] Embed Pods Frameworks";
			outputPaths = (
			);
			runOnlyForDeploymentPostprocessing = 0;
			shellPath = /bin/sh;
			shellScript = "\"${SRCROOT}/Pods/Target Support Files/Pods-flixUITests/Pods-flixUITests-frameworks.sh\"\n";
			showEnvVarsInLog = 0;
		};
		A48897E35D145BA006CC11F4 /* [CP] Check Pods Manifest.lock */ = {
			isa = PBXShellScriptBuildPhase;
			buildActionMask = 2147483647;
			files = (
			);
			inputPaths = (
			);
			name = "[CP] Check Pods Manifest.lock";
			outputPaths = (
			);
			runOnlyForDeploymentPostprocessing = 0;
			shellPath = /bin/sh;
			shellScript = "diff \"${PODS_PODFILE_DIR_PATH}/Podfile.lock\" \"${PODS_ROOT}/Manifest.lock\" > /dev/null\nif [ $? != 0 ] ; then\n    # print error to STDERR\n    echo \"error: The sandbox is not in sync with the Podfile.lock. Run 'pod install' or update your CocoaPods installation.\" >&2\n    exit 1\nfi\n";
			showEnvVarsInLog = 0;
		};
		A61FAB8C85B44BD610B47957 /* [CP] Check Pods Manifest.lock */ = {
			isa = PBXShellScriptBuildPhase;
			buildActionMask = 2147483647;
			files = (
			);
			inputPaths = (
			);
			name = "[CP] Check Pods Manifest.lock";
			outputPaths = (
			);
			runOnlyForDeploymentPostprocessing = 0;
			shellPath = /bin/sh;
			shellScript = "diff \"${PODS_PODFILE_DIR_PATH}/Podfile.lock\" \"${PODS_ROOT}/Manifest.lock\" > /dev/null\nif [ $? != 0 ] ; then\n    # print error to STDERR\n    echo \"error: The sandbox is not in sync with the Podfile.lock. Run 'pod install' or update your CocoaPods installation.\" >&2\n    exit 1\nfi\n";
			showEnvVarsInLog = 0;
		};
		F04D8FD5816F99EDD0BCC8E0 /* [CP] Embed Pods Frameworks */ = {
			isa = PBXShellScriptBuildPhase;
			buildActionMask = 2147483647;
			files = (
			);
			inputPaths = (
			);
			name = "[CP] Embed Pods Frameworks";
			outputPaths = (
			);
			runOnlyForDeploymentPostprocessing = 0;
			shellPath = /bin/sh;
			shellScript = "\"${SRCROOT}/Pods/Target Support Files/Pods-flix/Pods-flix-frameworks.sh\"\n";
			showEnvVarsInLog = 0;
		};
/* End PBXShellScriptBuildPhase section */

/* Begin PBXSourcesBuildPhase section */
		EF64EC001EFB2A1A0072C66A /* Sources */ = {
			isa = PBXSourcesBuildPhase;
			buildActionMask = 2147483647;
			files = (
				EF0DF3A91EFDE3B500A3C351 /* SuperHeroViewController.swift in Sources */,
				EF64EC5E1EFB38180072C66A /* NowPlayingViewController.swift in Sources */,
				EF0DF3A71EFDE35100A3C351 /* PosterCell.swift in Sources */,
				EF64EC081EFB2A1A0072C66A /* AppDelegate.swift in Sources */,
				EF64EC601EFB4DD10072C66A /* MovieCell.swift in Sources */,
				EF0DF3A51EFD7C3E00A3C351 /* DetailViewController.swift in Sources */,
			);
			runOnlyForDeploymentPostprocessing = 0;
		};
		EF64EC141EFB2A1A0072C66A /* Sources */ = {
			isa = PBXSourcesBuildPhase;
			buildActionMask = 2147483647;
			files = (
				EF64EC1D1EFB2A1A0072C66A /* flixTests.swift in Sources */,
			);
			runOnlyForDeploymentPostprocessing = 0;
		};
		EF64EC1F1EFB2A1A0072C66A /* Sources */ = {
			isa = PBXSourcesBuildPhase;
			buildActionMask = 2147483647;
			files = (
				EF64EC281EFB2A1A0072C66A /* flixUITests.swift in Sources */,
			);
			runOnlyForDeploymentPostprocessing = 0;
		};
/* End PBXSourcesBuildPhase section */

/* Begin PBXTargetDependency section */
		EF64EC1A1EFB2A1A0072C66A /* PBXTargetDependency */ = {
			isa = PBXTargetDependency;
			target = EF64EC031EFB2A1A0072C66A /* flix */;
			targetProxy = EF64EC191EFB2A1A0072C66A /* PBXContainerItemProxy */;
		};
		EF64EC251EFB2A1A0072C66A /* PBXTargetDependency */ = {
			isa = PBXTargetDependency;
			target = EF64EC031EFB2A1A0072C66A /* flix */;
			targetProxy = EF64EC241EFB2A1A0072C66A /* PBXContainerItemProxy */;
		};
/* End PBXTargetDependency section */

/* Begin PBXVariantGroup section */
		EF64EC0B1EFB2A1A0072C66A /* Main.storyboard */ = {
			isa = PBXVariantGroup;
			children = (
				EF64EC0C1EFB2A1A0072C66A /* Base */,
			);
			name = Main.storyboard;
			sourceTree = "<group>";
		};
		EF64EC101EFB2A1A0072C66A /* LaunchScreen.storyboard */ = {
			isa = PBXVariantGroup;
			children = (
				EF64EC111EFB2A1A0072C66A /* Base */,
			);
			name = LaunchScreen.storyboard;
			sourceTree = "<group>";
		};
/* End PBXVariantGroup section */

/* Begin XCBuildConfiguration section */
		EF64EC2A1EFB2A1A0072C66A /* Debug */ = {
			isa = XCBuildConfiguration;
			buildSettings = {
				ALWAYS_SEARCH_USER_PATHS = NO;
				CLANG_ANALYZER_NONNULL = YES;
				CLANG_ANALYZER_NUMBER_OBJECT_CONVERSION = YES_AGGRESSIVE;
				CLANG_CXX_LANGUAGE_STANDARD = "gnu++0x";
				CLANG_CXX_LIBRARY = "libc++";
				CLANG_ENABLE_MODULES = YES;
				CLANG_ENABLE_OBJC_ARC = YES;
				CLANG_WARN_BOOL_CONVERSION = YES;
				CLANG_WARN_CONSTANT_CONVERSION = YES;
				CLANG_WARN_DIRECT_OBJC_ISA_USAGE = YES_ERROR;
				CLANG_WARN_DOCUMENTATION_COMMENTS = YES;
				CLANG_WARN_EMPTY_BODY = YES;
				CLANG_WARN_ENUM_CONVERSION = YES;
				CLANG_WARN_INFINITE_RECURSION = YES;
				CLANG_WARN_INT_CONVERSION = YES;
				CLANG_WARN_OBJC_ROOT_CLASS = YES_ERROR;
				CLANG_WARN_SUSPICIOUS_MOVE = YES;
				CLANG_WARN_UNREACHABLE_CODE = YES;
				CLANG_WARN__DUPLICATE_METHOD_MATCH = YES;
				"CODE_SIGN_IDENTITY[sdk=iphoneos*]" = "iPhone Developer";
				COPY_PHASE_STRIP = NO;
				DEBUG_INFORMATION_FORMAT = dwarf;
				ENABLE_STRICT_OBJC_MSGSEND = YES;
				ENABLE_TESTABILITY = YES;
				GCC_C_LANGUAGE_STANDARD = gnu99;
				GCC_DYNAMIC_NO_PIC = NO;
				GCC_NO_COMMON_BLOCKS = YES;
				GCC_OPTIMIZATION_LEVEL = 0;
				GCC_PREPROCESSOR_DEFINITIONS = (
					"DEBUG=1",
					"$(inherited)",
				);
				GCC_WARN_64_TO_32_BIT_CONVERSION = YES;
				GCC_WARN_ABOUT_RETURN_TYPE = YES_ERROR;
				GCC_WARN_UNDECLARED_SELECTOR = YES;
				GCC_WARN_UNINITIALIZED_AUTOS = YES_AGGRESSIVE;
				GCC_WARN_UNUSED_FUNCTION = YES;
				GCC_WARN_UNUSED_VARIABLE = YES;
				IPHONEOS_DEPLOYMENT_TARGET = 10.3;
				MTL_ENABLE_DEBUG_INFO = YES;
				ONLY_ACTIVE_ARCH = YES;
				SDKROOT = iphoneos;
				SWIFT_ACTIVE_COMPILATION_CONDITIONS = DEBUG;
				SWIFT_OPTIMIZATION_LEVEL = "-Onone";
			};
			name = Debug;
		};
		EF64EC2B1EFB2A1A0072C66A /* Release */ = {
			isa = XCBuildConfiguration;
			buildSettings = {
				ALWAYS_SEARCH_USER_PATHS = NO;
				CLANG_ANALYZER_NONNULL = YES;
				CLANG_ANALYZER_NUMBER_OBJECT_CONVERSION = YES_AGGRESSIVE;
				CLANG_CXX_LANGUAGE_STANDARD = "gnu++0x";
				CLANG_CXX_LIBRARY = "libc++";
				CLANG_ENABLE_MODULES = YES;
				CLANG_ENABLE_OBJC_ARC = YES;
				CLANG_WARN_BOOL_CONVERSION = YES;
				CLANG_WARN_CONSTANT_CONVERSION = YES;
				CLANG_WARN_DIRECT_OBJC_ISA_USAGE = YES_ERROR;
				CLANG_WARN_DOCUMENTATION_COMMENTS = YES;
				CLANG_WARN_EMPTY_BODY = YES;
				CLANG_WARN_ENUM_CONVERSION = YES;
				CLANG_WARN_INFINITE_RECURSION = YES;
				CLANG_WARN_INT_CONVERSION = YES;
				CLANG_WARN_OBJC_ROOT_CLASS = YES_ERROR;
				CLANG_WARN_SUSPICIOUS_MOVE = YES;
				CLANG_WARN_UNREACHABLE_CODE = YES;
				CLANG_WARN__DUPLICATE_METHOD_MATCH = YES;
				"CODE_SIGN_IDENTITY[sdk=iphoneos*]" = "iPhone Developer";
				COPY_PHASE_STRIP = NO;
				DEBUG_INFORMATION_FORMAT = "dwarf-with-dsym";
				ENABLE_NS_ASSERTIONS = NO;
				ENABLE_STRICT_OBJC_MSGSEND = YES;
				GCC_C_LANGUAGE_STANDARD = gnu99;
				GCC_NO_COMMON_BLOCKS = YES;
				GCC_WARN_64_TO_32_BIT_CONVERSION = YES;
				GCC_WARN_ABOUT_RETURN_TYPE = YES_ERROR;
				GCC_WARN_UNDECLARED_SELECTOR = YES;
				GCC_WARN_UNINITIALIZED_AUTOS = YES_AGGRESSIVE;
				GCC_WARN_UNUSED_FUNCTION = YES;
				GCC_WARN_UNUSED_VARIABLE = YES;
				IPHONEOS_DEPLOYMENT_TARGET = 10.3;
				MTL_ENABLE_DEBUG_INFO = NO;
				SDKROOT = iphoneos;
				SWIFT_OPTIMIZATION_LEVEL = "-Owholemodule";
				VALIDATE_PRODUCT = YES;
			};
			name = Release;
		};
		EF64EC2D1EFB2A1A0072C66A /* Debug */ = {
			isa = XCBuildConfiguration;
			baseConfigurationReference = CA977A2B70F7D3C4A8E0ECFC /* Pods-flix.debug.xcconfig */;
			buildSettings = {
				ASSETCATALOG_COMPILER_APPICON_NAME = AppIcon;
				INFOPLIST_FILE = flix/Info.plist;
				LD_RUNPATH_SEARCH_PATHS = "$(inherited) @executable_path/Frameworks";
				PRODUCT_BUNDLE_IDENTIFIER = com.rey.flix;
				PRODUCT_NAME = "$(TARGET_NAME)";
				SWIFT_VERSION = 3.0;
			};
			name = Debug;
		};
		EF64EC2E1EFB2A1A0072C66A /* Release */ = {
			isa = XCBuildConfiguration;
			baseConfigurationReference = 4BC6731237061ADEB413ACDF /* Pods-flix.release.xcconfig */;
			buildSettings = {
				ASSETCATALOG_COMPILER_APPICON_NAME = AppIcon;
				INFOPLIST_FILE = flix/Info.plist;
				LD_RUNPATH_SEARCH_PATHS = "$(inherited) @executable_path/Frameworks";
				PRODUCT_BUNDLE_IDENTIFIER = com.rey.flix;
				PRODUCT_NAME = "$(TARGET_NAME)";
				SWIFT_VERSION = 3.0;
			};
			name = Release;
		};
		EF64EC301EFB2A1A0072C66A /* Debug */ = {
			isa = XCBuildConfiguration;
			baseConfigurationReference = B18EB863BF7F1206716E98FC /* Pods-flixTests.debug.xcconfig */;
			buildSettings = {
				ALWAYS_EMBED_SWIFT_STANDARD_LIBRARIES = YES;
				BUNDLE_LOADER = "$(TEST_HOST)";
				INFOPLIST_FILE = flixTests/Info.plist;
				LD_RUNPATH_SEARCH_PATHS = "$(inherited) @executable_path/Frameworks @loader_path/Frameworks";
				PRODUCT_BUNDLE_IDENTIFIER = com.rey.flixTests;
				PRODUCT_NAME = "$(TARGET_NAME)";
				SWIFT_VERSION = 3.0;
				TEST_HOST = "$(BUILT_PRODUCTS_DIR)/flix.app/flix";
			};
			name = Debug;
		};
		EF64EC311EFB2A1A0072C66A /* Release */ = {
			isa = XCBuildConfiguration;
			baseConfigurationReference = BF65C9D159BD652F66E2CC3D /* Pods-flixTests.release.xcconfig */;
			buildSettings = {
				ALWAYS_EMBED_SWIFT_STANDARD_LIBRARIES = YES;
				BUNDLE_LOADER = "$(TEST_HOST)";
				INFOPLIST_FILE = flixTests/Info.plist;
				LD_RUNPATH_SEARCH_PATHS = "$(inherited) @executable_path/Frameworks @loader_path/Frameworks";
				PRODUCT_BUNDLE_IDENTIFIER = com.rey.flixTests;
				PRODUCT_NAME = "$(TARGET_NAME)";
				SWIFT_VERSION = 3.0;
				TEST_HOST = "$(BUILT_PRODUCTS_DIR)/flix.app/flix";
			};
			name = Release;
		};
		EF64EC331EFB2A1A0072C66A /* Debug */ = {
			isa = XCBuildConfiguration;
			baseConfigurationReference = 170CDA68335D3AA6BABFBD77 /* Pods-flixUITests.debug.xcconfig */;
			buildSettings = {
				ALWAYS_EMBED_SWIFT_STANDARD_LIBRARIES = YES;
				INFOPLIST_FILE = flixUITests/Info.plist;
				LD_RUNPATH_SEARCH_PATHS = "$(inherited) @executable_path/Frameworks @loader_path/Frameworks";
				PRODUCT_BUNDLE_IDENTIFIER = com.rey.flixUITests;
				PRODUCT_NAME = "$(TARGET_NAME)";
				SWIFT_VERSION = 3.0;
				TEST_TARGET_NAME = flix;
			};
			name = Debug;
		};
		EF64EC341EFB2A1A0072C66A /* Release */ = {
			isa = XCBuildConfiguration;
			baseConfigurationReference = DF79DECC01B5E0CF33602EFA /* Pods-flixUITests.release.xcconfig */;
			buildSettings = {
				ALWAYS_EMBED_SWIFT_STANDARD_LIBRARIES = YES;
				INFOPLIST_FILE = flixUITests/Info.plist;
				LD_RUNPATH_SEARCH_PATHS = "$(inherited) @executable_path/Frameworks @loader_path/Frameworks";
				PRODUCT_BUNDLE_IDENTIFIER = com.rey.flixUITests;
				PRODUCT_NAME = "$(TARGET_NAME)";
				SWIFT_VERSION = 3.0;
				TEST_TARGET_NAME = flix;
			};
			name = Release;
		};
/* End XCBuildConfiguration section */

/* Begin XCConfigurationList section */
		EF64EBFF1EFB2A1A0072C66A /* Build configuration list for PBXProject "flix" */ = {
			isa = XCConfigurationList;
			buildConfigurations = (
				EF64EC2A1EFB2A1A0072C66A /* Debug */,
				EF64EC2B1EFB2A1A0072C66A /* Release */,
			);
			defaultConfigurationIsVisible = 0;
			defaultConfigurationName = Release;
		};
		EF64EC2C1EFB2A1A0072C66A /* Build configuration list for PBXNativeTarget "flix" */ = {
			isa = XCConfigurationList;
			buildConfigurations = (
				EF64EC2D1EFB2A1A0072C66A /* Debug */,
				EF64EC2E1EFB2A1A0072C66A /* Release */,
			);
			defaultConfigurationIsVisible = 0;
			defaultConfigurationName = Release;
		};
		EF64EC2F1EFB2A1A0072C66A /* Build configuration list for PBXNativeTarget "flixTests" */ = {
			isa = XCConfigurationList;
			buildConfigurations = (
				EF64EC301EFB2A1A0072C66A /* Debug */,
				EF64EC311EFB2A1A0072C66A /* Release */,
			);
			defaultConfigurationIsVisible = 0;
			defaultConfigurationName = Release;
		};
		EF64EC321EFB2A1A0072C66A /* Build configuration list for PBXNativeTarget "flixUITests" */ = {
			isa = XCConfigurationList;
			buildConfigurations = (
				EF64EC331EFB2A1A0072C66A /* Debug */,
				EF64EC341EFB2A1A0072C66A /* Release */,
			);
			defaultConfigurationIsVisible = 0;
			defaultConfigurationName = Release;
		};
/* End XCConfigurationList section */
	};
	rootObject = EF64EBFC1EFB2A1A0072C66A /* Project object */;
}
